Microsoft Visual Studio Solution File, Format Version 12.00
# Visual Studio Version 17
VisualStudioVersion = 17.14.36310.24
MinimumVisualStudioVersion = 10.0.40219.1
Project("{FAE04EC0-301F-11D3-BF4B-00C04F79EFBC}") = "BskyRoyale", "BskyRoyale.csproj", "{295BDF58-C3C6-4E64-A916-E52D4FAEAB92}"
EndProject
Global
	GlobalSection(SolutionConfigurationPlatforms) = preSolution
		Debug|Any CPU = Debug|Any CPU
		Release|Any CPU = Release|Any CPU
	EndGlobalSection
	GlobalSection(ProjectConfigurationPlatforms) = postSolution
		{295BDF58-C3C6-4E64-A916-E52D4FAEAB92}.Debug|Any CPU.ActiveCfg = Debug|Any CPU
		{295BDF58-C3C6-4E64-A916-E52D4FAEAB92}.Debug|Any CPU.Build.0 = Debug|Any CPU
		{295BDF58-C3C6-4E64-A916-E52D4FAEAB92}.Release|Any CPU.ActiveCfg = Release|Any CPU
		{295BDF58-C3C6-4E64-A916-E52D4FAEAB92}.Release|Any CPU.Build.0 = Release|Any CPU
	EndGlobalSection
	GlobalSection(SolutionProperties) = preSolution
		HideSolutionNode = FALSE
	EndGlobalSection
	GlobalSection(ExtensibilityGlobals) = postSolution
		SolutionGuid = {076C0746-14B9-4929-9892-EF2E29762F40}
	EndGlobalSection
EndGlobal
